// !$*UTF8*$!
{
	archiveVersion = 1;
	classes = {
	};
	objectVersion = 46;
	objects = {

/* Begin PBXBuildFile section */
		1D397F331AA8E963003F37E9 /* Jugador.m in Sources */ = {isa = PBXBuildFile; fileRef = 1D397F321AA8E963003F37E9 /* Jugador.m */; };
		1D397F361AA8E9EC003F37E9 /* Preguntas.m in Sources */ = {isa = PBXBuildFile; fileRef = 1D397F351AA8E9EC003F37E9 /* Preguntas.m */; };
		1D397F391AA8EA0D003F37E9 /* Correcto.m in Sources */ = {isa = PBXBuildFile; fileRef = 1D397F381AA8EA0D003F37E9 /* Correcto.m */; };
		1D397F3F1AA8EA5F003F37E9 /* Records.m in Sources */ = {isa = PBXBuildFile; fileRef = 1D397F3E1AA8EA5F003F37E9 /* Records.m */; };
		1D397F421AA8EA7D003F37E9 /* Clave.m in Sources */ = {isa = PBXBuildFile; fileRef = 1D397F411AA8EA7D003F37E9 /* Clave.m */; };
		1D397F451AA8EAA4003F37E9 /* GeneraPreguntas.m in Sources */ = {isa = PBXBuildFile; fileRef = 1D397F441AA8EAA4003F37E9 /* GeneraPreguntas.m */; };
		1D397F481AA8EAC3003F37E9 /* ListaPreguntas.m in Sources */ = {isa = PBXBuildFile; fileRef = 1D397F471AA8EAC3003F37E9 /* ListaPreguntas.m */; };
		1D397F4B1AA8F2D9003F37E9 /* Reglas.m in Sources */ = {isa = PBXBuildFile; fileRef = 1D397F4A1AA8F2D9003F37E9 /* Reglas.m */; };
		1DDD159A1AC3818300C987FE /* Incorrecto.m in Sources */ = {isa = PBXBuildFile; fileRef = 1DDD15991AC3818300C987FE /* Incorrecto.m */; };
		1DEB2B741AB0D97500BE308A /* Correcto2appFrog.png in Resources */ = {isa = PBXBuildFile; fileRef = 1DEB2B701AB0D97500BE308A /* Correcto2appFrog.png */; };
		1DEB2B751AB0D97500BE308A /* CorrectoAppFrog.png in Resources */ = {isa = PBXBuildFile; fileRef = 1DEB2B711AB0D97500BE308A /* CorrectoAppFrog.png */; };
		1DEB2B761AB0D97500BE308A /* Fallaste2AppFrog.png in Resources */ = {isa = PBXBuildFile; fileRef = 1DEB2B721AB0D97500BE308A /* Fallaste2AppFrog.png */; };
		1DEB2B771AB0D97500BE308A /* FallasteAppFrog.png in Resources */ = {isa = PBXBuildFile; fileRef = 1DEB2B731AB0D97500BE308A /* FallasteAppFrog.png */; };
		1DEB2B791AB0D9B900BE308A /* PreguntasAppFrog.png in Resources */ = {isa = PBXBuildFile; fileRef = 1DEB2B781AB0D9B900BE308A /* PreguntasAppFrog.png */; };
		1DEB2B7B1AB0DE3500BE308A /* IndexAppFrog.png in Resources */ = {isa = PBXBuildFile; fileRef = 1DEB2B7A1AB0DE3500BE308A /* IndexAppFrog.png */; };
		1DF0AD2E1AA60E9B005829B8 /* main.m in Sources */ = {isa = PBXBuildFile; fileRef = 1DF0AD2D1AA60E9B005829B8 /* main.m */; };
		1DF0AD311AA60E9B005829B8 /* AppDelegate.m in Sources */ = {isa = PBXBuildFile; fileRef = 1DF0AD301AA60E9B005829B8 /* AppDelegate.m */; };
		1DF0AD341AA60E9B005829B8 /* PruebaAppFrog.xcdatamodeld in Sources */ = {isa = PBXBuildFile; fileRef = 1DF0AD321AA60E9B005829B8 /* PruebaAppFrog.xcdatamodeld */; };
		1DF0AD371AA60E9B005829B8 /* Index.m in Sources */ = {isa = PBXBuildFile; fileRef = 1DF0AD361AA60E9B005829B8 /* Index.m */; };
		1DF0AD3A1AA60E9B005829B8 /* Main.storyboard in Resources */ = {isa = PBXBuildFile; fileRef = 1DF0AD381AA60E9B005829B8 /* Main.storyboard */; };
		1DF0AD3C1AA60E9B005829B8 /* Images.xcassets in Resources */ = {isa = PBXBuildFile; fileRef = 1DF0AD3B1AA60E9B005829B8 /* Images.xcassets */; };
		1DF0AD3F1AA60E9B005829B8 /* LaunchScreen.xib in Resources */ = {isa = PBXBuildFile; fileRef = 1DF0AD3D1AA60E9B005829B8 /* LaunchScreen.xib */; };
		1DF0AD4B1AA60E9B005829B8 /* PruebaAppFrogTests.m in Sources */ = {isa = PBXBuildFile; fileRef = 1DF0AD4A1AA60E9B005829B8 /* PruebaAppFrogTests.m */; };
/* End PBXBuildFile section */

/* Begin PBXContainerItemProxy section */
		1DF0AD451AA60E9B005829B8 /* PBXContainerItemProxy */ = {
			isa = PBXContainerItemProxy;
			containerPortal = 1DF0AD201AA60E9A005829B8 /* Project object */;
			proxyType = 1;
			remoteGlobalIDString = 1DF0AD271AA60E9A005829B8;
			remoteInfo = PruebaAppFrog;
		};
/* End PBXContainerItemProxy section */

/* Begin PBXFileReference section */
		1D397F311AA8E963003F37E9 /* Jugador.h */ = {isa = PBXFileReference; fileEncoding = 4; lastKnownFileType = sourcecode.c.h; name = Jugador.h; path = ../Jugador.h; sourceTree = "<group>"; };
		1D397F321AA8E963003F37E9 /* Jugador.m */ = {isa = PBXFileReference; fileEncoding = 4; lastKnownFileType = sourcecode.c.objc; name = Jugador.m; path = ../Jugador.m; sourceTree = "<group>"; };
		1D397F341AA8E9EC003F37E9 /* Preguntas.h */ = {isa = PBXFileReference; fileEncoding = 4; lastKnownFileType = sourcecode.c.h; name = Preguntas.h; path = ../Preguntas.h; sourceTree = "<group>"; };
		1D397F351AA8E9EC003F37E9 /* Preguntas.m */ = {isa = PBXFileReference; fileEncoding = 4; lastKnownFileType = sourcecode.c.objc; name = Preguntas.m; path = ../Preguntas.m; sourceTree = "<group>"; };
		1D397F371AA8EA0D003F37E9 /* Correcto.h */ = {isa = PBXFileReference; fileEncoding = 4; lastKnownFileType = sourcecode.c.h; name = Correcto.h; path = ../Correcto.h; sourceTree = "<group>"; };
		1D397F381AA8EA0D003F37E9 /* Correcto.m */ = {isa = PBXFileReference; fileEncoding = 4; lastKnownFileType = sourcecode.c.objc; name = Correcto.m; path = ../Correcto.m; sourceTree = "<group>"; };
		1D397F3D1AA8EA5F003F37E9 /* Records.h */ = {isa = PBXFileReference; fileEncoding = 4; lastKnownFileType = sourcecode.c.h; name = Records.h; path = ../Records.h; sourceTree = "<group>"; };
		1D397F3E1AA8EA5F003F37E9 /* Records.m */ = {isa = PBXFileReference; fileEncoding = 4; lastKnownFileType = sourcecode.c.objc; name = Records.m; path = ../Records.m; sourceTree = "<group>"; };
		1D397F401AA8EA7D003F37E9 /* Clave.h */ = {isa = PBXFileReference; fileEncoding = 4; lastKnownFileType = sourcecode.c.h; name = Clave.h; path = ../Clave.h; sourceTree = "<group>"; };
		1D397F411AA8EA7D003F37E9 /* Clave.m */ = {isa = PBXFileReference; fileEncoding = 4; lastKnownFileType = sourcecode.c.objc; name = Clave.m; path = ../Clave.m; sourceTree = "<group>"; };
		1D397F431AA8EAA4003F37E9 /* GeneraPreguntas.h */ = {isa = PBXFileReference; fileEncoding = 4; lastKnownFileType = sourcecode.c.h; name = GeneraPreguntas.h; path = ../GeneraPreguntas.h; sourceTree = "<group>"; };
		1D397F441AA8EAA4003F37E9 /* GeneraPreguntas.m */ = {isa = PBXFileReference; fileEncoding = 4; lastKnownFileType = sourcecode.c.objc; name = GeneraPreguntas.m; path = ../GeneraPreguntas.m; sourceTree = "<group>"; };
		1D397F461AA8EAC3003F37E9 /* ListaPreguntas.h */ = {isa = PBXFileReference; fileEncoding = 4; lastKnownFileType = sourcecode.c.h; name = ListaPreguntas.h; path = ../ListaPreguntas.h; sourceTree = "<group>"; };
		1D397F471AA8EAC3003F37E9 /* ListaPreguntas.m */ = {isa = PBXFileReference; fileEncoding = 4; lastKnownFileType = sourcecode.c.objc; name = ListaPreguntas.m; path = ../ListaPreguntas.m; sourceTree = "<group>"; };
		1D397F491AA8F2D9003F37E9 /* Reglas.h */ = {isa = PBXFileReference; fileEncoding = 4; lastKnownFileType = sourcecode.c.h; name = Reglas.h; path = ../Reglas.h; sourceTree = "<group>"; };
		1D397F4A1AA8F2D9003F37E9 /* Reglas.m */ = {isa = PBXFileReference; fileEncoding = 4; lastKnownFileType = sourcecode.c.objc; name = Reglas.m; path = ../Reglas.m; sourceTree = "<group>"; };
		1DDD15981AC3818300C987FE /* Incorrecto.h */ = {isa = PBXFileReference; fileEncoding = 4; lastKnownFileType = sourcecode.c.h; name = Incorrecto.h; path = ../Incorrecto.h; sourceTree = "<group>"; };
		1DDD15991AC3818300C987FE /* Incorrecto.m */ = {isa = PBXFileReference; fileEncoding = 4; lastKnownFileType = sourcecode.c.objc; name = Incorrecto.m; path = ../Incorrecto.m; sourceTree = "<group>"; };
		1DEB2B701AB0D97500BE308A /* Correcto2appFrog.png */ = {isa = PBXFileReference; lastKnownFileType = image.png; name = Correcto2appFrog.png; path = "../../../Imagenes AppFrog/Correcto2appFrog.png"; sourceTree = "<group>"; };
		1DEB2B711AB0D97500BE308A /* CorrectoAppFrog.png */ = {isa = PBXFileReference; lastKnownFileType = image.png; name = CorrectoAppFrog.png; path = "../../../Imagenes AppFrog/CorrectoAppFrog.png"; sourceTree = "<group>"; };
		1DEB2B721AB0D97500BE308A /* Fallaste2AppFrog.png */ = {isa = PBXFileReference; lastKnownFileType = image.png; name = Fallaste2AppFrog.png; path = "../../../Imagenes AppFrog/Fallaste2AppFrog.png"; sourceTree = "<group>"; };
		1DEB2B731AB0D97500BE308A /* FallasteAppFrog.png */ = {isa = PBXFileReference; lastKnownFileType = image.png; name = FallasteAppFrog.png; path = "../../../Imagenes AppFrog/FallasteAppFrog.png"; sourceTree = "<group>"; };
		1DEB2B781AB0D9B900BE308A /* PreguntasAppFrog.png */ = {isa = PBXFileReference; lastKnownFileType = image.png; name = PreguntasAppFrog.png; path = "../../../Imagenes AppFrog/PreguntasAppFrog.png"; sourceTree = "<group>"; };
		1DEB2B7A1AB0DE3500BE308A /* IndexAppFrog.png */ = {isa = PBXFileReference; lastKnownFileType = image.png; name = IndexAppFrog.png; path = "../../../Imagenes AppFrog/IndexAppFrog.png"; sourceTree = "<group>"; };
		1DF0AD281AA60E9A005829B8 /* PruebaAppFrog.app */ = {isa = PBXFileReference; explicitFileType = wrapper.application; includeInIndex = 0; path = PruebaAppFrog.app; sourceTree = BUILT_PRODUCTS_DIR; };
		1DF0AD2C1AA60E9B005829B8 /* Info.plist */ = {isa = PBXFileReference; lastKnownFileType = text.plist.xml; path = Info.plist; sourceTree = "<group>"; };
		1DF0AD2D1AA60E9B005829B8 /* main.m */ = {isa = PBXFileReference; lastKnownFileType = sourcecode.c.objc; path = main.m; sourceTree = "<group>"; };
		1DF0AD2F1AA60E9B005829B8 /* AppDelegate.h */ = {isa = PBXFileReference; lastKnownFileType = sourcecode.c.h; path = AppDelegate.h; sourceTree = "<group>"; };
		1DF0AD301AA60E9B005829B8 /* AppDelegate.m */ = {isa = PBXFileReference; lastKnownFileType = sourcecode.c.objc; path = AppDelegate.m; sourceTree = "<group>"; };
		1DF0AD331AA60E9B005829B8 /* PruebaAppFrog.xcdatamodel */ = {isa = PBXFileReference; lastKnownFileType = wrapper.xcdatamodel; path = PruebaAppFrog.xcdatamodel; sourceTree = "<group>"; };
		1DF0AD351AA60E9B005829B8 /* Index.h */ = {isa = PBXFileReference; lastKnownFileType = sourcecode.c.h; path = Index.h; sourceTree = "<group>"; };
		1DF0AD361AA60E9B005829B8 /* Index.m */ = {isa = PBXFileReference; lastKnownFileType = sourcecode.c.objc; path = Index.m; sourceTree = "<group>"; };
		1DF0AD391AA60E9B005829B8 /* Base */ = {isa = PBXFileReference; lastKnownFileType = file.storyboard; name = Base; path = Base.lproj/Main.storyboard; sourceTree = "<group>"; };
		1DF0AD3B1AA60E9B005829B8 /* Images.xcassets */ = {isa = PBXFileReference; lastKnownFileType = folder.assetcatalog; path = Images.xcassets; sourceTree = "<group>"; };
		1DF0AD3E1AA60E9B005829B8 /* Base */ = {isa = PBXFileReference; lastKnownFileType = file.xib; name = Base; path = Base.lproj/LaunchScreen.xib; sourceTree = "<group>"; };
		1DF0AD441AA60E9B005829B8 /* PruebaAppFrogTests.xctest */ = {isa = PBXFileReference; explicitFileType = wrapper.cfbundle; includeInIndex = 0; path = PruebaAppFrogTests.xctest; sourceTree = BUILT_PRODUCTS_DIR; };
		1DF0AD491AA60E9B005829B8 /* Info.plist */ = {isa = PBXFileReference; lastKnownFileType = text.plist.xml; path = Info.plist; sourceTree = "<group>"; };
		1DF0AD4A1AA60E9B005829B8 /* PruebaAppFrogTests.m */ = {isa = PBXFileReference; lastKnownFileType = sourcecode.c.objc; path = PruebaAppFrogTests.m; sourceTree = "<group>"; };
/* End PBXFileReference section */

/* Begin PBXFrameworksBuildPhase section */
		1DF0AD251AA60E9A005829B8 /* Frameworks */ = {
			isa = PBXFrameworksBuildPhase;
			buildActionMask = 2147483647;
			files = (
			);
			runOnlyForDeploymentPostprocessing = 0;
		};
		1DF0AD411AA60E9B005829B8 /* Frameworks */ = {
			isa = PBXFrameworksBuildPhase;
			buildActionMask = 2147483647;
			files = (
			);
			runOnlyForDeploymentPostprocessing = 0;
		};
/* End PBXFrameworksBuildPhase section */

/* Begin PBXGroup section */
		1DDFA0431AAE4A2700F9AB36 /* Imagenes */ = {
			isa = PBXGroup;
			children = (
				1DEB2B7A1AB0DE3500BE308A /* IndexAppFrog.png */,
				1DEB2B781AB0D9B900BE308A /* PreguntasAppFrog.png */,
				1DEB2B701AB0D97500BE308A /* Correcto2appFrog.png */,
				1DEB2B711AB0D97500BE308A /* CorrectoAppFrog.png */,
				1DEB2B721AB0D97500BE308A /* Fallaste2AppFrog.png */,
				1DEB2B731AB0D97500BE308A /* FallasteAppFrog.png */,
			);
			name = Imagenes;
			sourceTree = "<group>";
		};
		1DF0AD1F1AA60E9A005829B8 = {
			isa = PBXGroup;
			children = (
				1DDFA0431AAE4A2700F9AB36 /* Imagenes */,
				1DF0AD2A1AA60E9A005829B8 /* PruebaAppFrog */,
				1DF0AD471AA60E9B005829B8 /* PruebaAppFrogTests */,
				1DF0AD291AA60E9A005829B8 /* Products */,
			);
			sourceTree = "<group>";
		};
		1DF0AD291AA60E9A005829B8 /* Products */ = {
			isa = PBXGroup;
			children = (
				1DF0AD281AA60E9A005829B8 /* PruebaAppFrog.app */,
				1DF0AD441AA60E9B005829B8 /* PruebaAppFrogTests.xctest */,
			);
			name = Products;
			sourceTree = "<group>";
		};
		1DF0AD2A1AA60E9A005829B8 /* PruebaAppFrog */ = {
			isa = PBXGroup;
			children = (
				1DF0AD2F1AA60E9B005829B8 /* AppDelegate.h */,
				1DF0AD301AA60E9B005829B8 /* AppDelegate.m */,
				1DF0AD351AA60E9B005829B8 /* Index.h */,
				1DF0AD361AA60E9B005829B8 /* Index.m */,
				1D397F311AA8E963003F37E9 /* Jugador.h */,
				1D397F321AA8E963003F37E9 /* Jugador.m */,
				1D397F341AA8E9EC003F37E9 /* Preguntas.h */,
				1D397F351AA8E9EC003F37E9 /* Preguntas.m */,
				1D397F371AA8EA0D003F37E9 /* Correcto.h */,
				1D397F381AA8EA0D003F37E9 /* Correcto.m */,
				1DDD15981AC3818300C987FE /* Incorrecto.h */,
				1DDD15991AC3818300C987FE /* Incorrecto.m */,
				1D397F3D1AA8EA5F003F37E9 /* Records.h */,
				1D397F3E1AA8EA5F003F37E9 /* Records.m */,
				1D397F401AA8EA7D003F37E9 /* Clave.h */,
				1D397F411AA8EA7D003F37E9 /* Clave.m */,
				1D397F431AA8EAA4003F37E9 /* GeneraPreguntas.h */,
				1D397F441AA8EAA4003F37E9 /* GeneraPreguntas.m */,
				1D397F461AA8EAC3003F37E9 /* ListaPreguntas.h */,
				1D397F471AA8EAC3003F37E9 /* ListaPreguntas.m */,
				1D397F491AA8F2D9003F37E9 /* Reglas.h */,
				1D397F4A1AA8F2D9003F37E9 /* Reglas.m */,
				1DF0AD381AA60E9B005829B8 /* Main.storyboard */,
				1DF0AD3B1AA60E9B005829B8 /* Images.xcassets */,
				1DF0AD3D1AA60E9B005829B8 /* LaunchScreen.xib */,
				1DF0AD321AA60E9B005829B8 /* PruebaAppFrog.xcdatamodeld */,
				1DF0AD2B1AA60E9B005829B8 /* Supporting Files */,
			);
			path = PruebaAppFrog;
			sourceTree = "<group>";
		};
		1DF0AD2B1AA60E9B005829B8 /* Supporting Files */ = {
			isa = PBXGroup;
			children = (
				1DF0AD2C1AA60E9B005829B8 /* Info.plist */,
				1DF0AD2D1AA60E9B005829B8 /* main.m */,
			);
			name = "Supporting Files";
			sourceTree = "<group>";
		};
		1DF0AD471AA60E9B005829B8 /* PruebaAppFrogTests */ = {
			isa = PBXGroup;
			children = (
				1DF0AD4A1AA60E9B005829B8 /* PruebaAppFrogTests.m */,
				1DF0AD481AA60E9B005829B8 /* Supporting Files */,
			);
			path = PruebaAppFrogTests;
			sourceTree = "<group>";
		};
		1DF0AD481AA60E9B005829B8 /* Supporting Files */ = {
			isa = PBXGroup;
			children = (
				1DF0AD491AA60E9B005829B8 /* Info.plist */,
			);
			name = "Supporting Files";
			sourceTree = "<group>";
		};
/* End PBXGroup section */

/* Begin PBXNativeTarget section */
		1DF0AD271AA60E9A005829B8 /* PruebaAppFrog */ = {
			isa = PBXNativeTarget;
			buildConfigurationList = 1DF0AD4E1AA60E9B005829B8 /* Build configuration list for PBXNativeTarget "PruebaAppFrog" */;
			buildPhases = (
				1DF0AD241AA60E9A005829B8 /* Sources */,
				1DF0AD251AA60E9A005829B8 /* Frameworks */,
				1DF0AD261AA60E9A005829B8 /* Resources */,
			);
			buildRules = (
			);
			dependencies = (
			);
			name = PruebaAppFrog;
			productName = PruebaAppFrog;
			productReference = 1DF0AD281AA60E9A005829B8 /* PruebaAppFrog.app */;
			productType = "com.apple.product-type.application";
		};
		1DF0AD431AA60E9B005829B8 /* PruebaAppFrogTests */ = {
			isa = PBXNativeTarget;
			buildConfigurationList = 1DF0AD511AA60E9B005829B8 /* Build configuration list for PBXNativeTarget "PruebaAppFrogTests" */;
			buildPhases = (
				1DF0AD401AA60E9B005829B8 /* Sources */,
				1DF0AD411AA60E9B005829B8 /* Frameworks */,
				1DF0AD421AA60E9B005829B8 /* Resources */,
			);
			buildRules = (
			);
			dependencies = (
				1DF0AD461AA60E9B005829B8 /* PBXTargetDependency */,
			);
			name = PruebaAppFrogTests;
			productName = PruebaAppFrogTests;
			productReference = 1DF0AD441AA60E9B005829B8 /* PruebaAppFrogTests.xctest */;
			productType = "com.apple.product-type.bundle.unit-test";
		};
/* End PBXNativeTarget section */

/* Begin PBXProject section */
		1DF0AD201AA60E9A005829B8 /* Project object */ = {
			isa = PBXProject;
			attributes = {
				LastUpgradeCheck = 0610;
				ORGANIZATIONNAME = Comercomp;
				TargetAttributes = {
					1DF0AD271AA60E9A005829B8 = {
						CreatedOnToolsVersion = 6.1.1;
					};
					1DF0AD431AA60E9B005829B8 = {
						CreatedOnToolsVersion = 6.1.1;
						TestTargetID = 1DF0AD271AA60E9A005829B8;
					};
				};
			};
			buildConfigurationList = 1DF0AD231AA60E9A005829B8 /* Build configuration list for PBXProject "PruebaAppFrog" */;
			compatibilityVersion = "Xcode 3.2";
			developmentRegion = English;
			hasScannedForEncodings = 0;
			knownRegions = (
				en,
				Base,
			);
			mainGroup = 1DF0AD1F1AA60E9A005829B8;
			productRefGroup = 1DF0AD291AA60E9A005829B8 /* Products */;
			projectDirPath = "";
			projectRoot = "";
			targets = (
				1DF0AD271AA60E9A005829B8 /* PruebaAppFrog */,
				1DF0AD431AA60E9B005829B8 /* PruebaAppFrogTests */,
			);
		};
/* End PBXProject section */

/* Begin PBXResourcesBuildPhase section */
		1DF0AD261AA60E9A005829B8 /* Resources */ = {
			isa = PBXResourcesBuildPhase;
			buildActionMask = 2147483647;
			files = (
				1DEB2B791AB0D9B900BE308A /* PreguntasAppFrog.png in Resources */,
				1DEB2B7B1AB0DE3500BE308A /* IndexAppFrog.png in Resources */,
				1DEB2B751AB0D97500BE308A /* CorrectoAppFrog.png in Resources */,
				1DEB2B771AB0D97500BE308A /* FallasteAppFrog.png in Resources */,
				1DEB2B761AB0D97500BE308A /* Fallaste2AppFrog.png in Resources */,
				1DEB2B741AB0D97500BE308A /* Correcto2appFrog.png in Resources */,
				1DF0AD3A1AA60E9B005829B8 /* Main.storyboard in Resources */,
				1DF0AD3F1AA60E9B005829B8 /* LaunchScreen.xib in Resources */,
				1DF0AD3C1AA60E9B005829B8 /* Images.xcassets in Resources */,
			);
			runOnlyForDeploymentPostprocessing = 0;
		};
		1DF0AD421AA60E9B005829B8 /* Resources */ = {
			isa = PBXResourcesBuildPhase;
			buildActionMask = 2147483647;
			files = (
			);
			runOnlyForDeploymentPostprocessing = 0;
		};
/* End PBXResourcesBuildPhase section */

/* Begin PBXSourcesBuildPhase section */
		1DF0AD241AA60E9A005829B8 /* Sources */ = {
			isa = PBXSourcesBuildPhase;
			buildActionMask = 2147483647;
			files = (
				1DF0AD341AA60E9B005829B8 /* PruebaAppFrog.xcdatamodeld in Sources */,
				1DDD159A1AC3818300C987FE /* Incorrecto.m in Sources */,
				1D397F481AA8EAC3003F37E9 /* ListaPreguntas.m in Sources */,
				1DF0AD311AA60E9B005829B8 /* AppDelegate.m in Sources */,
				1D397F4B1AA8F2D9003F37E9 /* Reglas.m in Sources */,
				1D397F451AA8EAA4003F37E9 /* GeneraPreguntas.m in Sources */,
				1DF0AD371AA60E9B005829B8 /* Index.m in Sources */,
				1D397F391AA8EA0D003F37E9 /* Correcto.m in Sources */,
				1D397F421AA8EA7D003F37E9 /* Clave.m in Sources */,
				1D397F361AA8E9EC003F37E9 /* Preguntas.m in Sources */,
				1D397F331AA8E963003F37E9 /* Jugador.m in Sources */,
				1DF0AD2E1AA60E9B005829B8 /* main.m in Sources */,
				1D397F3F1AA8EA5F003F37E9 /* Records.m in Sources */,
			);
			runOnlyForDeploymentPostprocessing = 0;
		};
		1DF0AD401AA60E9B005829B8 /* Sources */ = {
			isa = PBXSourcesBuildPhase;
			buildActionMask = 2147483647;
			files = (
				1DF0AD4B1AA60E9B005829B8 /* PruebaAppFrogTests.m in Sources */,
			);
			runOnlyForDeploymentPostprocessing = 0;
		};
/* End PBXSourcesBuildPhase section */

/* Begin PBXTargetDependency section */
		1DF0AD461AA60E9B005829B8 /* PBXTargetDependency */ = {
			isa = PBXTargetDependency;
			target = 1DF0AD271AA60E9A005829B8 /* PruebaAppFrog */;
			targetProxy = 1DF0AD451AA60E9B005829B8 /* PBXContainerItemProxy */;
		};
/* End PBXTargetDependency section */

/* Begin PBXVariantGroup section */
		1DF0AD381AA60E9B005829B8 /* Main.storyboard */ = {
			isa = PBXVariantGroup;
			children = (
				1DF0AD391AA60E9B005829B8 /* Base */,
			);
			name = Main.storyboard;
			sourceTree = "<group>";
		};
		1DF0AD3D1AA60E9B005829B8 /* LaunchScreen.xib */ = {
			isa = PBXVariantGroup;
			children = (
				1DF0AD3E1AA60E9B005829B8 /* Base */,
			);
			name = LaunchScreen.xib;
			sourceTree = "<group>";
		};
/* End PBXVariantGroup section */

/* Begin XCBuildConfiguration section */
		1DF0AD4C1AA60E9B005829B8 /* Debug */ = {
			isa = XCBuildConfiguration;
			buildSettings = {
				ALWAYS_SEARCH_USER_PATHS = NO;
				CLANG_CXX_LANGUAGE_STANDARD = "gnu++0x";
				CLANG_CXX_LIBRARY = "libc++";
				CLANG_ENABLE_MODULES = YES;
				CLANG_ENABLE_OBJC_ARC = YES;
				CLANG_WARN_BOOL_CONVERSION = YES;
				CLANG_WARN_CONSTANT_CONVERSION = YES;
				CLANG_WARN_DIRECT_OBJC_ISA_USAGE = YES_ERROR;
				CLANG_WARN_EMPTY_BODY = YES;
				CLANG_WARN_ENUM_CONVERSION = YES;
				CLANG_WARN_INT_CONVERSION = YES;
				CLANG_WARN_OBJC_ROOT_CLASS = YES_ERROR;
				CLANG_WARN_UNREACHABLE_CODE = YES;
				CLANG_WARN__DUPLICATE_METHOD_MATCH = YES;
				"CODE_SIGN_IDENTITY[sdk=iphoneos*]" = "iPhone Developer";
				COPY_PHASE_STRIP = NO;
				ENABLE_STRICT_OBJC_MSGSEND = YES;
				GCC_C_LANGUAGE_STANDARD = gnu99;
				GCC_DYNAMIC_NO_PIC = NO;
				GCC_OPTIMIZATION_LEVEL = 0;
				GCC_PREPROCESSOR_DEFINITIONS = (
					"DEBUG=1",
					"$(inherited)",
				);
				GCC_SYMBOLS_PRIVATE_EXTERN = NO;
				GCC_WARN_64_TO_32_BIT_CONVERSION = YES;
				GCC_WARN_ABOUT_RETURN_TYPE = YES_ERROR;
				GCC_WARN_UNDECLARED_SELECTOR = YES;
				GCC_WARN_UNINITIALIZED_AUTOS = YES_AGGRESSIVE;
				GCC_WARN_UNUSED_FUNCTION = YES;
				GCC_WARN_UNUSED_VARIABLE = YES;
				IPHONEOS_DEPLOYMENT_TARGET = 8.1;
				MTL_ENABLE_DEBUG_INFO = YES;
				ONLY_ACTIVE_ARCH = YES;
				SDKROOT = iphoneos;
			};
			name = Debug;
		};
		1DF0AD4D1AA60E9B005829B8 /* Release */ = {
			isa = XCBuildConfiguration;
			buildSettings = {
				ALWAYS_SEARCH_USER_PATHS = NO;
				CLANG_CXX_LANGUAGE_STANDARD = "gnu++0x";
				CLANG_CXX_LIBRARY = "libc++";
				CLANG_ENABLE_MODULES = YES;
				CLANG_ENABLE_OBJC_ARC = YES;
				CLANG_WARN_BOOL_CONVERSION = YES;
				CLANG_WARN_CONSTANT_CONVERSION = YES;
				CLANG_WARN_DIRECT_OBJC_ISA_USAGE = YES_ERROR;
				CLANG_WARN_EMPTY_BODY = YES;
				CLANG_WARN_ENUM_CONVERSION = YES;
				CLANG_WARN_INT_CONVERSION = YES;
				CLANG_WARN_OBJC_ROOT_CLASS = YES_ERROR;
				CLANG_WARN_UNREACHABLE_CODE = YES;
				CLANG_WARN__DUPLICATE_METHOD_MATCH = YES;
				"CODE_SIGN_IDENTITY[sdk=iphoneos*]" = "iPhone Developer";
				COPY_PHASE_STRIP = YES;
				ENABLE_NS_ASSERTIONS = NO;
				ENABLE_STRICT_OBJC_MSGSEND = YES;
				GCC_C_LANGUAGE_STANDARD = gnu99;
				GCC_WARN_64_TO_32_BIT_CONVERSION = YES;
				GCC_WARN_ABOUT_RETURN_TYPE = YES_ERROR;
				GCC_WARN_UNDECLARED_SELECTOR = YES;
				GCC_WARN_UNINITIALIZED_AUTOS = YES_AGGRESSIVE;
				GCC_WARN_UNUSED_FUNCTION = YES;
				GCC_WARN_UNUSED_VARIABLE = YES;
				IPHONEOS_DEPLOYMENT_TARGET = 8.1;
				MTL_ENABLE_DEBUG_INFO = NO;
				SDKROOT = iphoneos;
				VALIDATE_PRODUCT = YES;
			};
			name = Release;
		};
		1DF0AD4F1AA60E9B005829B8 /* Debug */ = {
			isa = XCBuildConfiguration;
			buildSettings = {
				ASSETCATALOG_COMPILER_APPICON_NAME = AppIcon;
				INFOPLIST_FILE = PruebaAppFrog/Info.plist;
				LD_RUNPATH_SEARCH_PATHS = "$(inherited) @executable_path/Frameworks";
				PRODUCT_NAME = "$(TARGET_NAME)";
			};
			name = Debug;
		};
		1DF0AD501AA60E9B005829B8 /* Release */ = {
			isa = XCBuildConfiguration;
			buildSettings = {
				ASSETCATALOG_COMPILER_APPICON_NAME = AppIcon;
				INFOPLIST_FILE = PruebaAppFrog/Info.plist;
				LD_RUNPATH_SEARCH_PATHS = "$(inherited) @executable_path/Frameworks";
				PRODUCT_NAME = "$(TARGET_NAME)";
			};
			name = Release;
		};
		1DF0AD521AA60E9B005829B8 /* Debug */ = {
			isa = XCBuildConfiguration;
			buildSettings = {
				BUNDLE_LOADER = "$(TEST_HOST)";
				FRAMEWORK_SEARCH_PATHS = (
					"$(SDKROOT)/Developer/Library/Frameworks",
					"$(inherited)",
				);
				GCC_PREPROCESSOR_DEFINITIONS = (
					"DEBUG=1",
					"$(inherited)",
				);
				INFOPLIST_FILE = PruebaAppFrogTests/Info.plist;
				LD_RUNPATH_SEARCH_PATHS = "$(inherited) @executable_path/Frameworks @loader_path/Frameworks";
				PRODUCT_NAME = "$(TARGET_NAME)";
				TEST_HOST = "$(BUILT_PRODUCTS_DIR)/PruebaAppFrog.app/PruebaAppFrog";
			};
			name = Debug;
		};
		1DF0AD531AA60E9B005829B8 /* Release */ = {
			isa = XCBuildConfiguration;
			buildSettings = {
				BUNDLE_LOADER = "$(TEST_HOST)";
				FRAMEWORK_SEARCH_PATHS = (
					"$(SDKROOT)/Developer/Library/Frameworks",
					"$(inherited)",
				);
				INFOPLIST_FILE = PruebaAppFrogTests/Info.plist;
				LD_RUNPATH_SEARCH_PATHS = "$(inherited) @executable_path/Frameworks @loader_path/Frameworks";
				PRODUCT_NAME = "$(TARGET_NAME)";
				TEST_HOST = "$(BUILT_PRODUCTS_DIR)/PruebaAppFrog.app/PruebaAppFrog";
			};
			name = Release;
		};
/* End XCBuildConfiguration section */

/* Begin XCConfigurationList section */
		1DF0AD231AA60E9A005829B8 /* Build configuration list for PBXProject "PruebaAppFrog" */ = {
			isa = XCConfigurationList;
			buildConfigurations = (
				1DF0AD4C1AA60E9B005829B8 /* Debug */,
				1DF0AD4D1AA60E9B005829B8 /* Release */,
			);
			defaultConfigurationIsVisible = 0;
			defaultConfigurationName = Release;
		};
		1DF0AD4E1AA60E9B005829B8 /* Build configuration list for PBXNativeTarget "PruebaAppFrog" */ = {
			isa = XCConfigurationList;
			buildConfigurations = (
				1DF0AD4F1AA60E9B005829B8 /* Debug */,
				1DF0AD501AA60E9B005829B8 /* Release */,
			);
			defaultConfigurationIsVisible = 0;
			defaultConfigurationName = Release;
		};
		1DF0AD511AA60E9B005829B8 /* Build configuration list for PBXNativeTarget "PruebaAppFrogTests" */ = {
			isa = XCConfigurationList;
			buildConfigurations = (
				1DF0AD521AA60E9B005829B8 /* Debug */,
				1DF0AD531AA60E9B005829B8 /* Release */,
			);
			defaultConfigurationIsVisible = 0;
			defaultConfigurationName = Release;
		};
/* End XCConfigurationList section */

/* Begin XCVersionGroup section */
		1DF0AD321AA60E9B005829B8 /* PruebaAppFrog.xcdatamodeld */ = {
			isa = XCVersionGroup;
			children = (
				1DF0AD331AA60E9B005829B8 /* PruebaAppFrog.xcdatamodel */,
			);
			currentVersion = 1DF0AD331AA60E9B005829B8 /* PruebaAppFrog.xcdatamodel */;
			path = PruebaAppFrog.xcdatamodeld;
			sourceTree = "<group>";
			versionGroupType = wrapper.xcdatamodel;
		};
/* End XCVersionGroup section */
	};
	rootObject = 1DF0AD201AA60E9A005829B8 /* Project object */;
}
